
Microsoft Visual Studio Solution File, Format Version 12.00
# Visual Studio 15
VisualStudioVersion = 15.0.28010.2041
MinimumVisualStudioVersion = 10.0.40219.1
Project("{FAE04EC0-301F-11D3-BF4B-00C04F79EFBC}") = "MVCGitHub", "MVCGitHub\MVCGitHub.csproj", "{8394C3C6-A50B-419E-B85F-BA4E189D7A8B}"
EndProject
Global
	GlobalSection(SolutionConfigurationPlatforms) = preSolution
		Debug|Any CPU = Debug|Any CPU
		Release|Any CPU = Release|Any CPU
	EndGlobalSection
	GlobalSection(ProjectConfigurationPlatforms) = postSolution
		{8394C3C6-A50B-419E-B85F-BA4E189D7A8B}.Debug|Any CPU.ActiveCfg = Debug|Any CPU
		{8394C3C6-A50B-419E-B85F-BA4E189D7A8B}.Debug|Any CPU.Build.0 = Debug|Any CPU
		{8394C3C6-A50B-419E-B85F-BA4E189D7A8B}.Release|Any CPU.ActiveCfg = Release|Any CPU
		{8394C3C6-A50B-419E-B85F-BA4E189D7A8B}.Release|Any CPU.Build.0 = Release|Any CPU
	EndGlobalSection
	GlobalSection(SolutionProperties) = preSolution
		HideSolutionNode = FALSE
	EndGlobalSection
	GlobalSection(ExtensibilityGlobals) = postSolution
		SolutionGuid = {4F367188-386B-4470-AB6E-CBDECDE2D987}
	EndGlobalSection
EndGlobal
